// !$*UTF8*$!
{
	archiveVersion = 1;
	classes = {
	};
	objectVersion = 50;
	objects = {

/* Begin PBXBuildFile section */
		8782DEB32362F81000F5FAED /* AppDelegate.swift in Sources */ = {isa = PBXBuildFile; fileRef = 8782DEB22362F81000F5FAED /* AppDelegate.swift */; };
		8782DEB52362F81000F5FAED /* SceneDelegate.swift in Sources */ = {isa = PBXBuildFile; fileRef = 8782DEB42362F81000F5FAED /* SceneDelegate.swift */; };
		8782DEB72362F81000F5FAED /* ViewController.swift in Sources */ = {isa = PBXBuildFile; fileRef = 8782DEB62362F81000F5FAED /* ViewController.swift */; };
		8782DEBA2362F81000F5FAED /* Main.storyboard in Resources */ = {isa = PBXBuildFile; fileRef = 8782DEB82362F81000F5FAED /* Main.storyboard */; };
		8782DEBC2362F81000F5FAED /* Assets.xcassets in Resources */ = {isa = PBXBuildFile; fileRef = 8782DEBB2362F81000F5FAED /* Assets.xcassets */; };
		8782DEBF2362F81000F5FAED /* LaunchScreen.storyboard in Resources */ = {isa = PBXBuildFile; fileRef = 8782DEBD2362F81000F5FAED /* LaunchScreen.storyboard */; };
/* End PBXBuildFile section */

/* Begin PBXFileReference section */
		8782DEAF2362F81000F5FAED /* HelloSingleView2.0.app */ = {isa = PBXFileReference; explicitFileType = wrapper.application; includeInIndex = 0; path = HelloSingleView2.0.app; sourceTree = BUILT_PRODUCTS_DIR; };
		8782DEB22362F81000F5FAED /* AppDelegate.swift */ = {isa = PBXFileReference; lastKnownFileType = sourcecode.swift; path = AppDelegate.swift; sourceTree = "<group>"; };
		8782DEB42362F81000F5FAED /* SceneDelegate.swift */ = {isa = PBXFileReference; lastKnownFileType = sourcecode.swift; path = SceneDelegate.swift; sourceTree = "<group>"; };
		8782DEB62362F81000F5FAED /* ViewController.swift */ = {isa = PBXFileReference; lastKnownFileType = sourcecode.swift; path = ViewController.swift; sourceTree = "<group>"; };
		8782DEB92362F81000F5FAED /* Base */ = {isa = PBXFileReference; lastKnownFileType = file.storyboard; name = Base; path = Base.lproj/Main.storyboard; sourceTree = "<group>"; };
		8782DEBB2362F81000F5FAED /* Assets.xcassets */ = {isa = PBXFileReference; lastKnownFileType = folder.assetcatalog; path = Assets.xcassets; sourceTree = "<group>"; };
		8782DEBE2362F81000F5FAED /* Base */ = {isa = PBXFileReference; lastKnownFileType = file.storyboard; name = Base; path = Base.lproj/LaunchScreen.storyboard; sourceTree = "<group>"; };
		8782DEC02362F81000F5FAED /* Info.plist */ = {isa = PBXFileReference; lastKnownFileType = text.plist.xml; path = Info.plist; sourceTree = "<group>"; };
/* End PBXFileReference section */

/* Begin PBXFrameworksBuildPhase section */
		8782DEAC2362F81000F5FAED /* Frameworks */ = {
			isa = PBXFrameworksBuildPhase;
			buildActionMask = 2147483647;
			files = (
			);
			runOnlyForDeploymentPostprocessing = 0;
		};
/* End PBXFrameworksBuildPhase section */

/* Begin PBXGroup section */
		8782DEA62362F81000F5FAED = {
			isa = PBXGroup;
			children = (
				8782DEB12362F81000F5FAED /* HelloSingleView2.0 */,
				8782DEB02362F81000F5FAED /* Products */,
			);
			sourceTree = "<group>";
		};
		8782DEB02362F81000F5FAED /* Products */ = {
			isa = PBXGroup;
			children = (
				8782DEAF2362F81000F5FAED /* HelloSingleView2.0.app */,
			);
			name = Products;
			sourceTree = "<group>";
		};
		8782DEB12362F81000F5FAED /* HelloSingleView2.0 */ = {
			isa = PBXGroup;
			children = (
				8782DEB22362F81000F5FAED /* AppDelegate.swift */,
				8782DEB42362F81000F5FAED /* SceneDelegate.swift */,
				8782DEB62362F81000F5FAED /* ViewController.swift */,
				8782DEB82362F81000F5FAED /* Main.storyboard */,
				8782DEBB2362F81000F5FAED /* Assets.xcassets */,
				8782DEBD2362F81000F5FAED /* LaunchScreen.storyboard */,
				8782DEC02362F81000F5FAED /* Info.plist */,
			);
			path = HelloSingleView2.0;
			sourceTree = "<group>";
		};
/* End PBXGroup section */

/* Begin PBXNativeTarget section */
		8782DEAE2362F81000F5FAED /* HelloSingleView2.0 */ = {
			isa = PBXNativeTarget;
			buildConfigurationList = 8782DEC32362F81000F5FAED /* Build configuration list for PBXNativeTarget "HelloSingleView2.0" */;
			buildPhases = (
				8782DEAB2362F81000F5FAED /* Sources */,
				8782DEAC2362F81000F5FAED /* Frameworks */,
				8782DEAD2362F81000F5FAED /* Resources */,
			);
			buildRules = (
			);
			dependencies = (
			);
			name = HelloSingleView2.0;
			productName = HelloSingleView2.0;
			productReference = 8782DEAF2362F81000F5FAED /* HelloSingleView2.0.app */;
			productType = "com.apple.product-type.application";
		};
/* End PBXNativeTarget section */

/* Begin PBXProject section */
		8782DEA72362F81000F5FAED /* Project object */ = {
			isa = PBXProject;
			attributes = {
				LastSwiftUpdateCheck = 1100;
				LastUpgradeCheck = 1100;
				ORGANIZATIONNAME = "Arvid Axelsson";
				TargetAttributes = {
					8782DEAE2362F81000F5FAED = {
						CreatedOnToolsVersion = 11.0;
					};
				};
			};
			buildConfigurationList = 8782DEAA2362F81000F5FAED /* Build configuration list for PBXProject "HelloSingleView2.0" */;
			compatibilityVersion = "Xcode 9.3";
			developmentRegion = en;
			hasScannedForEncodings = 0;
			knownRegions = (
				en,
				Base,
			);
			mainGroup = 8782DEA62362F81000F5FAED;
			productRefGroup = 8782DEB02362F81000F5FAED /* Products */;
			projectDirPath = "";
			projectRoot = "";
			targets = (
				8782DEAE2362F81000F5FAED /* HelloSingleView2.0 */,
			);
		};
/* End PBXProject section */

/* Begin PBXResourcesBuildPhase section */
		8782DEAD2362F81000F5FAED /* Resources */ = {
			isa = PBXResourcesBuildPhase;
			buildActionMask = 2147483647;
			files = (
				8782DEBF2362F81000F5FAED /* LaunchScreen.storyboard in Resources */,
				8782DEBC2362F81000F5FAED /* Assets.xcassets in Resources */,
				8782DEBA2362F81000F5FAED /* Main.storyboard in Resources */,
			);
			runOnlyForDeploymentPostprocessing = 0;
		};
/* End PBXResourcesBuildPhase section */

/* Begin PBXSourcesBuildPhase section */
		8782DEAB2362F81000F5FAED /* Sources */ = {
			isa = PBXSourcesBuildPhase;
			buildActionMask = 2147483647;
			files = (
				8782DEB72362F81000F5FAED /* ViewController.swift in Sources */,
				8782DEB32362F81000F5FAED /* AppDelegate.swift in Sources */,
				8782DEB52362F81000F5FAED /* SceneDelegate.swift in Sources */,
			);
			runOnlyForDeploymentPostprocessing = 0;
		};
/* End PBXSourcesBuildPhase section */

/* Begin PBXVariantGroup section */
		8782DEB82362F81000F5FAED /* Main.storyboard */ = {
			isa = PBXVariantGroup;
			children = (
				8782DEB92362F81000F5FAED /* Base */,
			);
			name = Main.storyboard;
			sourceTree = "<group>";
		};
		8782DEBD2362F81000F5FAED /* LaunchScreen.storyboard */ = {
			isa = PBXVariantGroup;
			children = (
				8782DEBE2362F81000F5FAED /* Base */,
			);
			name = LaunchScreen.storyboard;
			sourceTree = "<group>";
		};
/* End PBXVariantGroup section */

/* Begin XCBuildConfiguration section */
		8782DEC12362F81000F5FAED /* Debug */ = {
			isa = XCBuildConfiguration;
			buildSettings = {
				ALWAYS_SEARCH_USER_PATHS = NO;
				CLANG_ANALYZER_NONNULL = YES;
				CLANG_ANALYZER_NUMBER_OBJECT_CONVERSION = YES_AGGRESSIVE;
				CLANG_CXX_LANGUAGE_STANDARD = "gnu++14";
				CLANG_CXX_LIBRARY = "libc++";
				CLANG_ENABLE_MODULES = YES;
				CLANG_ENABLE_OBJC_ARC = YES;
				CLANG_ENABLE_OBJC_WEAK = YES;
				CLANG_WARN_BLOCK_CAPTURE_AUTORELEASING = YES;
				CLANG_WARN_BOOL_CONVERSION = YES;
				CLANG_WARN_COMMA = YES;
				CLANG_WARN_CONSTANT_CONVERSION = YES;
				CLANG_WARN_DEPRECATED_OBJC_IMPLEMENTATIONS = YES;
				CLANG_WARN_DIRECT_OBJC_ISA_USAGE = YES_ERROR;
				CLANG_WARN_DOCUMENTATION_COMMENTS = YES;
				CLANG_WARN_EMPTY_BODY = YES;
				CLANG_WARN_ENUM_CONVERSION = YES;
				CLANG_WARN_INFINITE_RECURSION = YES;
				CLANG_WARN_INT_CONVERSION = YES;
				CLANG_WARN_NON_LITERAL_NULL_CONVERSION = YES;
				CLANG_WARN_OBJC_IMPLICIT_RETAIN_SELF = YES;
				CLANG_WARN_OBJC_LITERAL_CONVERSION = YES;
				CLANG_WARN_OBJC_ROOT_CLASS = YES_ERROR;
				CLANG_WARN_RANGE_LOOP_ANALYSIS = YES;
				CLANG_WARN_STRICT_PROTOTYPES = YES;
				CLANG_WARN_SUSPICIOUS_MOVE = YES;
				CLANG_WARN_UNGUARDED_AVAILABILITY = YES_AGGRESSIVE;
				CLANG_WARN_UNREACHABLE_CODE = YES;
				CLANG_WARN__DUPLICATE_METHOD_MATCH = YES;
				COPY_PHASE_STRIP = NO;
				DEBUG_INFORMATION_FORMAT = dwarf;
				ENABLE_STRICT_OBJC_MSGSEND = YES;
				ENABLE_TESTABILITY = YES;
				GCC_C_LANGUAGE_STANDARD = gnu11;
				GCC_DYNAMIC_NO_PIC = NO;
				GCC_NO_COMMON_BLOCKS = YES;
				GCC_OPTIMIZATION_LEVEL = 0;
				GCC_PREPROCESSOR_DEFINITIONS = (
					"DEBUG=1",
					"$(inherited)",
				);
				GCC_WARN_64_TO_32_BIT_CONVERSION = YES;
				GCC_WARN_ABOUT_RETURN_TYPE = YES_ERROR;
				GCC_WARN_UNDECLARED_SELECTOR = YES;
				GCC_WARN_UNINITIALIZED_AUTOS = YES_AGGRESSIVE;
				GCC_WARN_UNUSED_FUNCTION = YES;
				GCC_WARN_UNUSED_VARIABLE = YES;
				IPHONEOS_DEPLOYMENT_TARGET = 13.0;
				MTL_ENABLE_DEBUG_INFO = INCLUDE_SOURCE;
				MTL_FAST_MATH = YES;
				ONLY_ACTIVE_ARCH = YES;
				SDKROOT = iphoneos;
				SWIFT_ACTIVE_COMPILATION_CONDITIONS = DEBUG;
				SWIFT_OPTIMIZATION_LEVEL = "-Onone";
			};
			name = Debug;
		};
		8782DEC22362F81000F5FAED /* Release */ = {
			isa = XCBuildConfiguration;
			buildSettings = {
				ALWAYS_SEARCH_USER_PATHS = NO;
				CLANG_ANALYZER_NONNULL = YES;
				CLANG_ANALYZER_NUMBER_OBJECT_CONVERSION = YES_AGGRESSIVE;
				CLANG_CXX_LANGUAGE_STANDARD = "gnu++14";
				CLANG_CXX_LIBRARY = "libc++";
				CLANG_ENABLE_MODULES = YES;
				CLANG_ENABLE_OBJC_ARC = YES;
				CLANG_ENABLE_OBJC_WEAK = YES;
				CLANG_WARN_BLOCK_CAPTURE_AUTORELEASING = YES;
				CLANG_WARN_BOOL_CONVERSION = YES;
				CLANG_WARN_COMMA = YES;
				CLANG_WARN_CONSTANT_CONVERSION = YES;
				CLANG_WARN_DEPRECATED_OBJC_IMPLEMENTATIONS = YES;
				CLANG_WARN_DIRECT_OBJC_ISA_USAGE = YES_ERROR;
				CLANG_WARN_DOCUMENTATION_COMMENTS = YES;
				CLANG_WARN_EMPTY_BODY = YES;
				CLANG_WARN_ENUM_CONVERSION = YES;
				CLANG_WARN_INFINITE_RECURSION = YES;
				CLANG_WARN_INT_CONVERSION = YES;
				CLANG_WARN_NON_LITERAL_NULL_CONVERSION = YES;
				CLANG_WARN_OBJC_IMPLICIT_RETAIN_SELF = YES;
				CLANG_WARN_OBJC_LITERAL_CONVERSION = YES;
				CLANG_WARN_OBJC_ROOT_CLASS = YES_ERROR;
				CLANG_WARN_RANGE_LOOP_ANALYSIS = YES;
				CLANG_WARN_STRICT_PROTOTYPES = YES;
				CLANG_WARN_SUSPICIOUS_MOVE = YES;
				CLANG_WARN_UNGUARDED_AVAILABILITY = YES_AGGRESSIVE;
				CLANG_WARN_UNREACHABLE_CODE = YES;
				CLANG_WARN__DUPLICATE_METHOD_MATCH = YES;
				COPY_PHASE_STRIP = NO;
				DEBUG_INFORMATION_FORMAT = "dwarf-with-dsym";
				ENABLE_NS_ASSERTIONS = NO;
				ENABLE_STRICT_OBJC_MSGSEND = YES;
				GCC_C_LANGUAGE_STANDARD = gnu11;
				GCC_NO_COMMON_BLOCKS = YES;
				GCC_WARN_64_TO_32_BIT_CONVERSION = YES;
				GCC_WARN_ABOUT_RETURN_TYPE = YES_ERROR;
				GCC_WARN_UNDECLARED_SELECTOR = YES;
				GCC_WARN_UNINITIALIZED_AUTOS = YES_AGGRESSIVE;
				GCC_WARN_UNUSED_FUNCTION = YES;
				GCC_WARN_UNUSED_VARIABLE = YES;
				IPHONEOS_DEPLOYMENT_TARGET = 13.0;
				MTL_ENABLE_DEBUG_INFO = NO;
				MTL_FAST_MATH = YES;
				SDKROOT = iphoneos;
				SWIFT_COMPILATION_MODE = wholemodule;
				SWIFT_OPTIMIZATION_LEVEL = "-O";
				VALIDATE_PRODUCT = YES;
			};
			name = Release;
		};
		8782DEC42362F81000F5FAED /* Debug */ = {
			isa = XCBuildConfiguration;
			buildSettings = {
				ASSETCATALOG_COMPILER_APPICON_NAME = AppIcon;
				CODE_SIGN_STYLE = Automatic;
				INFOPLIST_FILE = HelloSingleView2.0/Info.plist;
				LD_RUNPATH_SEARCH_PATHS = (
					"$(inherited)",
					"@executable_path/Frameworks",
				);
				PRODUCT_BUNDLE_IDENTIFIER = "poop.HelloSingleView2-0";
				PRODUCT_NAME = "$(TARGET_NAME)";
				SWIFT_VERSION = 5.0;
				TARGETED_DEVICE_FAMILY = "1,2";
			};
			name = Debug;
		};
		8782DEC52362F81000F5FAED /* Release */ = {
			isa = XCBuildConfiguration;
			buildSettings = {
				ASSETCATALOG_COMPILER_APPICON_NAME = AppIcon;
				CODE_SIGN_STYLE = Automatic;
				INFOPLIST_FILE = HelloSingleView2.0/Info.plist;
				LD_RUNPATH_SEARCH_PATHS = (
					"$(inherited)",
					"@executable_path/Frameworks",
				);
				PRODUCT_BUNDLE_IDENTIFIER = "poop.HelloSingleView2-0";
				PRODUCT_NAME = "$(TARGET_NAME)";
				SWIFT_VERSION = 5.0;
				TARGETED_DEVICE_FAMILY = "1,2";
			};
			name = Release;
		};
/* End XCBuildConfiguration section */

/* Begin XCConfigurationList section */
		8782DEAA2362F81000F5FAED /* Build configuration list for PBXProject "HelloSingleView2.0" */ = {
			isa = XCConfigurationList;
			buildConfigurations = (
				8782DEC12362F81000F5FAED /* Debug */,
				8782DEC22362F81000F5FAED /* Release */,
			);
			defaultConfigurationIsVisible = 0;
			defaultConfigurationName = Release;
		};
		8782DEC32362F81000F5FAED /* Build configuration list for PBXNativeTarget "HelloSingleView2.0" */ = {
			isa = XCConfigurationList;
			buildConfigurations = (
				8782DEC42362F81000F5FAED /* Debug */,
				8782DEC52362F81000F5FAED /* Release */,
			);
			defaultConfigurationIsVisible = 0;
			defaultConfigurationName = Release;
		};
/* End XCConfigurationList section */
	};
	rootObject = 8782DEA72362F81000F5FAED /* Project object */;
}
